
Microsoft Visual Studio Solution File, Format Version 12.00
# Visual Studio Version 16
VisualStudioVersion = 16.0.30104.148
MinimumVisualStudioVersion = 10.0.40219.1
Project("{FAE04EC0-301F-11D3-BF4B-00C04F79EFBC}") = "Demo", "Demo.csproj", "{105C8E86-5B8B-4B07-9082-ED342D9F91FA}"
EndProject
Global
	GlobalSection(SolutionConfigurationPlatforms) = preSolution
		Debug|Any CPU = Debug|Any CPU
		Release|Any CPU = Release|Any CPU
	EndGlobalSection
	GlobalSection(ProjectConfigurationPlatforms) = postSolution
		{105C8E86-5B8B-4B07-9082-ED342D9F91FA}.Debug|Any CPU.ActiveCfg = Debug|Any CPU
		{105C8E86-5B8B-4B07-9082-ED342D9F91FA}.Debug|Any CPU.Build.0 = Debug|Any CPU
		{105C8E86-5B8B-4B07-9082-ED342D9F91FA}.Release|Any CPU.ActiveCfg = Release|Any CPU
		{105C8E86-5B8B-4B07-9082-ED342D9F91FA}.Release|Any CPU.Build.0 = Release|Any CPU
	EndGlobalSection
	GlobalSection(SolutionProperties) = preSolution
		HideSolutionNode = FALSE
	EndGlobalSection
	GlobalSection(ExtensibilityGlobals) = postSolution
		SolutionGuid = {A7AF5BB8-5275-48D5-AD89-CC92F31CA679}
	EndGlobalSection
EndGlobal
